lockfileVersion: '9.0'

settings:
  autoInstallPeers: true
  excludeLinksFromLockfile: false

importers:

  .:
    dependencies:
      lucide-react:
        specifier: ^0.556.0
        version: 0.556.0(react@19.2.1)
      react-router-dom:
        specifier: ^7.10.1
        version: 7.10.1(react-dom@19.2.1(react@19.2.1))(react@19.2.1)

packages:

  cookie@1.1.1:
    resolution: {integrity: sha512-ei8Aos7ja0weRpFzJnEA9UHJ/7XQmqglbRwnf2ATjcB9Wq874VKH9kfjjirM6UhU2/E5fFYadylyhFldcqSidQ==}
    engines: {node: '>=18'}

  lucide-react@0.556.0:
    resolution: {integrity: sha512-iOb8dRk7kLaYBZhR2VlV1CeJGxChBgUthpSP8wom9jfj79qovgG6qcSdiy6vkoREKPnbUYzJsCn4o4PtG3Iy+A==}
    peerDependencies:
      react: ^16.5.1 || ^17.0.0 || ^18.0.0 || ^19.0.0

  react-dom@19.2.1:
    resolution: {integrity: sha512-ibrK8llX2a4eOskq1mXKu/TGZj9qzomO+sNfO98M6d9zIPOEhlBkMkBUBLd1vgS0gQsLDBzA+8jJBVXDnfHmJg==}
    peerDependencies:
      react: ^19.2.1

  react-router-dom@7.10.1:
    resolution: {integrity: sha512-JNBANI6ChGVjA5bwsUIwJk7LHKmqB4JYnYfzFwyp2t12Izva11elds2jx7Yfoup2zssedntwU0oZ5DEmk5Sdaw==}
    engines: {node: '>=20.0.0'}
    peerDependencies:
      react: '>=18'
      react-dom: '>=18'

  react-router@7.10.1:
    resolution: {integrity: sha512-gHL89dRa3kwlUYtRQ+m8NmxGI6CgqN+k4XyGjwcFoQwwCWF6xXpOCUlDovkXClS0d0XJN/5q7kc5W3kiFEd0Yw==}
    engines: {node: '>=20.0.0'}
    peerDependencies:
      react: '>=18'
      react-dom: '>=18'
    peerDependenciesMeta:
      react-dom:
        optional: true

  react@19.2.1:
    resolution: {integrity: sha512-DGrYcCWK7tvYMnWh79yrPHt+vdx9tY+1gPZa7nJQtO/p8bLTDaHp4dzwEhQB7pZ4Xe3ok4XKuEPrVuc+wlpkmw==}
    engines: {node: '>=0.10.0'}

  scheduler@0.27.0:
    resolution: {integrity: sha512-eNv+WrVbKu1f3vbYJT/xtiF5syA5HPIMtf9IgY/nKg0sWqzAUEvqY/xm7OcZc/qafLx/iO9FgOmeSAp4v5ti/Q==}

  set-cookie-parser@2.7.2:
    resolution: {integrity: sha512-oeM1lpU/UvhTxw+g3cIfxXHyJRc/uidd3yK1P242gzHds0udQBYzs3y8j4gCCW+ZJ7ad0yctld8RYO+bdurlvw==}

snapshots:

  cookie@1.1.1: {}

  lucide-react@0.556.0(react@19.2.1):
    dependencies:
      react: 19.2.1

  react-dom@19.2.1(react@19.2.1):
    dependencies:
      react: 19.2.1
      scheduler: 0.27.0

  react-router-dom@7.10.1(react-dom@19.2.1(react@19.2.1))(react@19.2.1):
    dependencies:
      react: 19.2.1
      react-dom: 19.2.1(react@19.2.1)
      react-router: 7.10.1(react-dom@19.2.1(react@19.2.1))(react@19.2.1)

  react-router@7.10.1(react-dom@19.2.1(react@19.2.1))(react@19.2.1):
    dependencies:
      cookie: 1.1.1
      react: 19.2.1
      set-cookie-parser: 2.7.2
    optionalDependencies:
      react-dom: 19.2.1(react@19.2.1)

  react@19.2.1: {}

  scheduler@0.27.0: {}

  set-cookie-parser@2.7.2: {}
